
Microsoft Visual Studio Solution File, Format Version 12.00
# Visual Studio Version 17
VisualStudioVersion = 17.11.35222.181
MinimumVisualStudioVersion = 10.0.40219.1
Project("{FAE04EC0-301F-11D3-BF4B-00C04F79EFBC}") = "ApiUppgift", "ApiUppgift.csproj", "{70FF808C-8B0D-4321-81DC-8B296AD1A4E8}"
EndProject
Global
	GlobalSection(SolutionConfigurationPlatforms) = preSolution
		Debug|Any CPU = Debug|Any CPU
		Release|Any CPU = Release|Any CPU
	EndGlobalSection
	GlobalSection(ProjectConfigurationPlatforms) = postSolution
		{70FF808C-8B0D-4321-81DC-8B296AD1A4E8}.Debug|Any CPU.ActiveCfg = Debug|Any CPU
		{70FF808C-8B0D-4321-81DC-8B296AD1A4E8}.Debug|Any CPU.Build.0 = Debug|Any CPU
		{70FF808C-8B0D-4321-81DC-8B296AD1A4E8}.Release|Any CPU.ActiveCfg = Release|Any CPU
		{70FF808C-8B0D-4321-81DC-8B296AD1A4E8}.Release|Any CPU.Build.0 = Release|Any CPU
	EndGlobalSection
	GlobalSection(SolutionProperties) = preSolution
		HideSolutionNode = FALSE
	EndGlobalSection
	GlobalSection(ExtensibilityGlobals) = postSolution
		SolutionGuid = {DA2B9933-EC87-4719-8D5A-F8326DF54946}
	EndGlobalSection
EndGlobal
