
Microsoft Visual Studio Solution File, Format Version 12.00
# Visual Studio Version 17
VisualStudioVersion = 17.13.35818.85 d17.13
MinimumVisualStudioVersion = 10.0.40219.1
Project("{FAE04EC0-301F-11D3-BF4B-00C04F79EFBC}") = "EverthingTravel.UI", "EverthingTravel.UI\EverthingTravel.UI.csproj", "{59B77FCF-C89D-4375-AAC4-18E5F51A04D1}"
EndProject
Project("{FAE04EC0-301F-11D3-BF4B-00C04F79EFBC}") = "EverythingTravel.Core", "EverythingTravel.Core\EverythingTravel.Core.csproj", "{511F87A3-9D50-40F5-B8FF-326885853CD6}"
EndProject
Global
	GlobalSection(SolutionConfigurationPlatforms) = preSolution
		Debug|Any CPU = Debug|Any CPU
		Release|Any CPU = Release|Any CPU
	EndGlobalSection
	GlobalSection(ProjectConfigurationPlatforms) = postSolution
		{59B77FCF-C89D-4375-AAC4-18E5F51A04D1}.Debug|Any CPU.ActiveCfg = Debug|Any CPU
		{59B77FCF-C89D-4375-AAC4-18E5F51A04D1}.Debug|Any CPU.Build.0 = Debug|Any CPU
		{59B77FCF-C89D-4375-AAC4-18E5F51A04D1}.Release|Any CPU.ActiveCfg = Release|Any CPU
		{59B77FCF-C89D-4375-AAC4-18E5F51A04D1}.Release|Any CPU.Build.0 = Release|Any CPU
		{511F87A3-9D50-40F5-B8FF-326885853CD6}.Debug|Any CPU.ActiveCfg = Debug|Any CPU
		{511F87A3-9D50-40F5-B8FF-326885853CD6}.Debug|Any CPU.Build.0 = Debug|Any CPU
		{511F87A3-9D50-40F5-B8FF-326885853CD6}.Release|Any CPU.ActiveCfg = Release|Any CPU
		{511F87A3-9D50-40F5-B8FF-326885853CD6}.Release|Any CPU.Build.0 = Release|Any CPU
	EndGlobalSection
	GlobalSection(SolutionProperties) = preSolution
		HideSolutionNode = FALSE
	EndGlobalSection
	GlobalSection(ExtensibilityGlobals) = postSolution
		SolutionGuid = {5AFE4A2E-4069-4C87-8FDF-ADE2E847A17F}
	EndGlobalSection
EndGlobal
